Microsoft Visual Studio Solution File, Format Version 11.00
# Visual Studio 2008

Project("{1D08A7B5-7771-DC8A-D023-FA420E5CEC17}") = "RolyPolyMaze", "Assembly-CSharp.csproj", "{794E2416-FA04-1EA8-290C-5E5294BEE030}"
EndProject
Global
	GlobalSection(SolutionConfigurationPlatforms) = preSolution
		Debug|Any CPU = Debug|Any CPU
		Release|Any CPU = Release|Any CPU
	EndGlobalSection
	GlobalSection(ProjectConfigurationPlatforms) = postSolution
		{794E2416-FA04-1EA8-290C-5E5294BEE030}.Debug|Any CPU.ActiveCfg = Debug|Any CPU
		{794E2416-FA04-1EA8-290C-5E5294BEE030}.Debug|Any CPU.Build.0 = Debug|Any CPU
		{794E2416-FA04-1EA8-290C-5E5294BEE030}.Release|Any CPU.ActiveCfg = Release|Any CPU
		{794E2416-FA04-1EA8-290C-5E5294BEE030}.Release|Any CPU.Build.0 = Release|Any CPU
	EndGlobalSection
	GlobalSection(SolutionProperties) = preSolution
		HideSolutionNode = FALSE
	EndGlobalSection
	GlobalSection(MonoDevelopProperties) = preSolution
		StartupItem = Assembly-CSharp.csproj
	EndGlobalSection
EndGlobal
